{
	"requires": true,
	"lockfileVersion": 1,
	"dependencies": {
		"dhtml-weixin": {
			"version": "3.1.1",
			"resolved": "http://112.74.84.131:4873/dhtml-weixin/-/dhtml-weixin-3.1.1.tgz",
			"integrity": "sha512-zCtMwJOcpVOc9eHHnW9JI9hzkBX/RFS6H0Mjj1RczDI8Z+VZxXz/HGHe8igUtDSrEnKoFxXvmHdQMFC1Mj2oqQ=="
		},
		"pako": {
			"version": "1.0.11",
			"resolved": "http://112.74.84.131:4873/pako/-/pako-1.0.11.tgz",
			"integrity": "sha512-4hLB8Py4zZce5s4yd9XzopqwVv/yGNhV1Bl8NTmCq1763HeK2+EwVTv+leGeL13Dnh2wfbqowVPXCIO0z4taYw=="
		}
	}
}
