{
	"name": "plugin_demo",
	"lockfileVersion": 2,
	"requires": true,
	"packages": {
		"": {
			"dependencies": {
				"dhtml-weixin": "^6.4.0",
				"pako": "^1.0.5",
				"weixin-color-picker": "^1.1.0"
			}
		},
		"node_modules/dhtml-weixin": {
			"version": "6.4.0",
			"resolved": "https://registry.npmjs.org/dhtml-weixin/-/dhtml-weixin-6.4.0.tgz",
			"integrity": "sha512-bfM1dYPc4e1uVpHwHhYCbAsIgt8rSAafCVp7qFj11lTnLkdFpYGl/GIb7dOIlqFesm0+oYlZVbZR4aZg1tcNEg=="
		},
		"node_modules/pako": {
			"version": "1.0.11",
			"resolved": "https://registry.npmjs.org/pako/-/pako-1.0.11.tgz",
			"integrity": "sha512-4hLB8Py4zZce5s4yd9XzopqwVv/yGNhV1Bl8NTmCq1763HeK2+EwVTv+leGeL13Dnh2wfbqowVPXCIO0z4taYw=="
		},
		"node_modules/weixin-color-picker": {
			"version": "1.2.0",
			"resolved": "https://registry.npmjs.org/weixin-color-picker/-/weixin-color-picker-1.2.0.tgz",
			"integrity": "sha512-y9odyBugAsxmTUmFAnl1zkL+3S7NGch2NGrLH2uEg9pgzqzHk3iV8pHB1EV4YSkfianXppi0cxSBpjFhW+LLvw=="
		}
	},
	"dependencies": {
		"dhtml-weixin": {
			"version": "6.4.0",
			"resolved": "https://registry.npmjs.org/dhtml-weixin/-/dhtml-weixin-6.4.0.tgz",
			"integrity": "sha512-bfM1dYPc4e1uVpHwHhYCbAsIgt8rSAafCVp7qFj11lTnLkdFpYGl/GIb7dOIlqFesm0+oYlZVbZR4aZg1tcNEg=="
		},
		"pako": {
			"version": "1.0.11",
			"resolved": "https://registry.npmjs.org/pako/-/pako-1.0.11.tgz",
			"integrity": "sha512-4hLB8Py4zZce5s4yd9XzopqwVv/yGNhV1Bl8NTmCq1763HeK2+EwVTv+leGeL13Dnh2wfbqowVPXCIO0z4taYw=="
		},
		"weixin-color-picker": {
			"version": "1.2.0",
			"resolved": "https://registry.npmjs.org/weixin-color-picker/-/weixin-color-picker-1.2.0.tgz",
			"integrity": "sha512-y9odyBugAsxmTUmFAnl1zkL+3S7NGch2NGrLH2uEg9pgzqzHk3iV8pHB1EV4YSkfianXppi0cxSBpjFhW+LLvw=="
		}
	}
}
