{
	"requires": true,
	"lockfileVersion": 1,
	"dependencies": {
		"dhtml-weixin": {
			"version": "6.2.0",
			"resolved": "https://registry.npmjs.org/dhtml-weixin/-/dhtml-weixin-6.2.0.tgz",
			"integrity": "sha512-3y5sE8Qw+Xa1tnNUw5HJHt8nr1VPUgKpnFj1CIlmr+SVt2SZ0GzSqoqRWbP69Oj8R3OiUwvN7niyo5ChVDOKEQ=="
		},
		"pako": {
			"version": "1.0.11",
			"resolved": "https://registry.npmjs.org/pako/-/pako-1.0.11.tgz",
			"integrity": "sha512-4hLB8Py4zZce5s4yd9XzopqwVv/yGNhV1Bl8NTmCq1763HeK2+EwVTv+leGeL13Dnh2wfbqowVPXCIO0z4taYw=="
		},
		"weixin-color-picker": {
			"version": "1.2.0",
			"resolved": "https://registry.npmjs.org/weixin-color-picker/-/weixin-color-picker-1.2.0.tgz",
			"integrity": "sha512-y9odyBugAsxmTUmFAnl1zkL+3S7NGch2NGrLH2uEg9pgzqzHk3iV8pHB1EV4YSkfianXppi0cxSBpjFhW+LLvw=="
		}
	}
}
