{
	"requires": true,
	"lockfileVersion": 1,
	"dependencies": {
		"dhtml-weixin": {
			"version": "2.9.2",
			"resolved": "http://112.74.84.131:4873/dhtml-weixin/-/dhtml-weixin-2.9.2.tgz",
			"integrity": "sha512-DgGnMaSgDqOeUppQN1abIEnWRlGUj+wLJdiN5oX8qCcKssE9siH/FIhq/V2Nt8Wrc81j5rHiSPgKWUttmaH0nA=="
		},
		"pako": {
			"version": "1.0.11",
			"resolved": "http://112.74.84.131:4873/pako/-/pako-1.0.11.tgz",
			"integrity": "sha512-4hLB8Py4zZce5s4yd9XzopqwVv/yGNhV1Bl8NTmCq1763HeK2+EwVTv+leGeL13Dnh2wfbqowVPXCIO0z4taYw=="
		},
		"three-weixin": {
			"version": "2.9.2",
			"resolved": "http://112.74.84.131:4873/three-weixin/-/three-weixin-2.9.2.tgz",
			"integrity": "sha512-zqL8pm14fHgP6+rYkWPICu1SIfj7HJTRHPNaaIjVaQ0bWhgqT+Br7L8rsjUoDNwhfMCuWNnDw/4InkFg60CDuw==",
			"requires": {
				"dhtml-weixin": "2.9.2"
			}
		}
	}
}
